
Microsoft Visual Studio Solution File, Format Version 12.00
# Visual Studio 2012
Project("{FAE04EC0-301F-11D3-BF4B-00C04F79EFBC}") = "PrimeFactorsKata", "PrimeFactorsKata\PrimeFactorsKata.csproj", "{1DDF0D0C-9525-4BF7-AD89-93C67AB8DE98}"
EndProject
Project("{FAE04EC0-301F-11D3-BF4B-00C04F79EFBC}") = "PrimeFactorsKata.Tests", "PrimeFactorsKata.Tests\PrimeFactorsKata.Tests.csproj", "{DF3238AC-9A04-404D-A56B-081D70457EFC}"
EndProject
Global
	GlobalSection(SolutionConfigurationPlatforms) = preSolution
		Debug|Any CPU = Debug|Any CPU
		Release|Any CPU = Release|Any CPU
	EndGlobalSection
	GlobalSection(ProjectConfigurationPlatforms) = postSolution
		{1DDF0D0C-9525-4BF7-AD89-93C67AB8DE98}.Debug|Any CPU.ActiveCfg = Debug|Any CPU
		{1DDF0D0C-9525-4BF7-AD89-93C67AB8DE98}.Debug|Any CPU.Build.0 = Debug|Any CPU
		{1DDF0D0C-9525-4BF7-AD89-93C67AB8DE98}.Release|Any CPU.ActiveCfg = Release|Any CPU
		{1DDF0D0C-9525-4BF7-AD89-93C67AB8DE98}.Release|Any CPU.Build.0 = Release|Any CPU
		{DF3238AC-9A04-404D-A56B-081D70457EFC}.Debug|Any CPU.ActiveCfg = Debug|Any CPU
		{DF3238AC-9A04-404D-A56B-081D70457EFC}.Debug|Any CPU.Build.0 = Debug|Any CPU
		{DF3238AC-9A04-404D-A56B-081D70457EFC}.Release|Any CPU.ActiveCfg = Release|Any CPU
		{DF3238AC-9A04-404D-A56B-081D70457EFC}.Release|Any CPU.Build.0 = Release|Any CPU
	EndGlobalSection
	GlobalSection(SolutionProperties) = preSolution
		HideSolutionNode = FALSE
	EndGlobalSection
EndGlobal
